
Microsoft Visual Studio Solution File, Format Version 12.00
# Visual Studio 15
Project("{FAE04EC0-301F-11D3-BF4B-00C04F79EFBC}") = "CreditCardChecker", "CreditCardChecker\CreditCardChecker.csproj", "{FD2409D3-A822-469C-AB04-AEB8DF32DB96}"
EndProject
Global
	GlobalSection(SolutionConfigurationPlatforms) = preSolution
		Debug|Any CPU = Debug|Any CPU
		Release|Any CPU = Release|Any CPU
	EndGlobalSection
	GlobalSection(ProjectConfigurationPlatforms) = postSolution
		{FD2409D3-A822-469C-AB04-AEB8DF32DB96}.Debug|Any CPU.ActiveCfg = Debug|Any CPU
		{FD2409D3-A822-469C-AB04-AEB8DF32DB96}.Debug|Any CPU.Build.0 = Debug|Any CPU
		{FD2409D3-A822-469C-AB04-AEB8DF32DB96}.Release|Any CPU.ActiveCfg = Release|Any CPU
		{FD2409D3-A822-469C-AB04-AEB8DF32DB96}.Release|Any CPU.Build.0 = Release|Any CPU
	EndGlobalSection
EndGlobal
